{
  "version": 1,
  "dependencies": {
    "net10.0": {
      "safeir.core": {
        "type": "Project"
      },
      "safeir.runtime": {
        "type": "Project",
        "dependencies": {
          "SafeIR.Core": "[0.1.0, )",
          "SafeIR.Validation": "[0.1.0, )"
        }
      },
      "safeir.validation": {
        "type": "Project",
        "dependencies": {
          "SafeIR.Core": "[0.1.0, )"
        }
      },
      "safeir.verifier": {
        "type": "Project",
        "dependencies": {
          "SafeIR.Core": "[0.1.0, )",
          "SafeIR.Runtime": "[0.1.0, )"
        }
      }
    }
  }
}