{
  "version": 1,
  "dependencies": {
    "net10.0": {
      "MessagePack": {
        "type": "Direct",
        "requested": "[3.1.7, )",
        "resolved": "3.1.7",
        "contentHash": "gXpifaxbhfBqh8bVToQn9j+OgCnhXWMbRCV7RQIbCVa9CNJG1fY6oHAYYl+ER3Tb9uUIHiQ5QbGiGwwFhoagbA==",
        "dependencies": {
          "MessagePack.Annotations": "3.1.7",
          "MessagePackAnalyzer": "3.1.7",
          "Microsoft.NET.StringTools": "17.11.4"
        }
      },
      "ShaRPC": {
        "type": "Direct",
        "requested": "[1.0.0-ci.20, )",
        "resolved": "1.0.0-ci.20",
        "contentHash": "llO3Q1zZVfdKD4ydvyPWkyl8lKt7yL77QAqzrS1CLtiKxrpykajqQReZZDm0FrbcUbr4e0ijROPYUDa/aZi6Jw=="
      },
      "ShaRPC.Serializers.MessagePack": {
        "type": "Direct",
        "requested": "[1.0.0-ci.20, )",
        "resolved": "1.0.0-ci.20",
        "contentHash": "a6nQwKG8b49mYqS8S4Zg3pdUiEVSJ60t17V48PVgHB00Qhr0bZV5eNUQ8w+rvl5GWc6Tv//YDmgD3CxbtzbMPQ==",
        "dependencies": {
          "MessagePack": "2.5.187",
          "ShaRPC": "1.0.0-ci.20"
        }
      },
      "ShaRPC.Transports.NamedPipes": {
        "type": "Direct",
        "requested": "[1.0.0-ci.20, )",
        "resolved": "1.0.0-ci.20",
        "contentHash": "ZPFx27R9pFQuLjFbpbls2WnTKgQ5tGveiCk0NUvLGfWPeHNi/QKgArxpTaY9zGl4xbVVlCE9gPu20TuXNdKcRw==",
        "dependencies": {
          "ShaRPC": "1.0.0-ci.20"
        }
      },
      "MessagePack.Annotations": {
        "type": "Transitive",
        "resolved": "3.1.7",
        "contentHash": "IW1yX9viarFl/Dsio5G+pM90JkOSW4xhAiJcKxPPF5rzyp2/yCpieWju8G99QLEmaQeze2uQMEskUBA59YZmkw=="
      },
      "MessagePackAnalyzer": {
        "type": "Transitive",
        "resolved": "3.1.7",
        "contentHash": "ZF+OOJTRS7Ogzb4gG36hPKVQk3kEbp6kkUcdRjhddDq/uSGcV4BKIdYiyJipExXyE/zsqYb0ic215O9kI+fjPA=="
      },
      "Microsoft.NET.StringTools": {
        "type": "Transitive",
        "resolved": "17.11.4",
        "contentHash": "mudqUHhNpeqIdJoUx2YDWZO/I9uEDYVowan89R6wsomfnUJQk6HteoQTlNjZDixhT2B4IXMkMtgZtoceIjLRmA=="
      }
    }
  }
}